
Microsoft Visual Studio Solution File, Format Version 12.00
# Visual Studio Version 16
VisualStudioVersion = 16.0.32413.511
MinimumVisualStudioVersion = 10.0.40219.1
Project("{FAE04EC0-301F-11D3-BF4B-00C04F79EFBC}") = "Api", "Api\Api.csproj", "{C7C1469B-4535-4FD0-809D-FE7764EE9841}"
EndProject
Global
	GlobalSection(SolutionConfigurationPlatforms) = preSolution
		Debug|Any CPU = Debug|Any CPU
		Release|Any CPU = Release|Any CPU
	EndGlobalSection
	GlobalSection(ProjectConfigurationPlatforms) = postSolution
		{C7C1469B-4535-4FD0-809D-FE7764EE9841}.Debug|Any CPU.ActiveCfg = Debug|Any CPU
		{C7C1469B-4535-4FD0-809D-FE7764EE9841}.Debug|Any CPU.Build.0 = Debug|Any CPU
		{C7C1469B-4535-4FD0-809D-FE7764EE9841}.Release|Any CPU.ActiveCfg = Release|Any CPU
		{C7C1469B-4535-4FD0-809D-FE7764EE9841}.Release|Any CPU.Build.0 = Release|Any CPU
	EndGlobalSection
	GlobalSection(SolutionProperties) = preSolution
		HideSolutionNode = FALSE
	EndGlobalSection
	GlobalSection(ExtensibilityGlobals) = postSolution
		SolutionGuid = {F83AB48B-214A-4895-9B75-4FA0300D86E0}
	EndGlobalSection
EndGlobal
